
Microsoft Visual Studio Solution File, Format Version 12.00
# Visual Studio 15
VisualStudioVersion = 15.0.28307.421
MinimumVisualStudioVersion = 10.0.40219.1
Project("{9A19103F-16F7-4668-BE54-9A1E7A4F7556}") = "VPC.Entities", "VPC.Entities\VPC.Entities.csproj", "{82069BEB-DAA2-475C-9185-AD4988566B35}"
EndProject
Project("{9A19103F-16F7-4668-BE54-9A1E7A4F7556}") = "VPC.Client", "VPC.Client\VPC.Client.csproj", "{F1D6A65E-98C1-4D84-A343-C80EEB5FAC9A}"
EndProject
Project("{9A19103F-16F7-4668-BE54-9A1E7A4F7556}") = "VPC.Framework.Business", "VPC.Framework.Business\VPC.Framework.Business.csproj", "{B7B766F3-3EB0-445D-B7B3-532F275AEF5B}"
EndProject
Project("{9A19103F-16F7-4668-BE54-9A1E7A4F7556}") = "VPC.Utilities", "VPC.Utilities\VPC.Utilities.csproj", "{51584262-43F9-40FE-B3BC-9C02CF7855FD}"
EndProject
Project("{9A19103F-16F7-4668-BE54-9A1E7A4F7556}") = "VPC.WebApi", "VPC.WebApi\VPC.WebApi.csproj", "{0E3ED90E-62EF-42F8-9802-52EED73884FD}"
EndProject
Project("{9A19103F-16F7-4668-BE54-9A1E7A4F7556}") = "VPC.Metadata.Business", "VPC.Metadata.Business\VPC.Metadata.Business.csproj", "{EECF20F7-162B-4C85-8D12-C7DD0CED12E4}"
EndProject
Project("{9A19103F-16F7-4668-BE54-9A1E7A4F7556}") = "VPC.Cache", "VPC.Cache\VPC.Cache.csproj", "{255F8BF2-37A9-43F5-9BD0-34A4FCAFA40B}"
EndProject
Project("{9A19103F-16F7-4668-BE54-9A1E7A4F7556}") = "VPC.SchedulerService", "VPC.SchedulerService\VPC.SchedulerService.csproj", "{DB9D385F-11D7-49D5-A26B-56B0747F13EC}"
EndProject
Project("{FAE04EC0-301F-11D3-BF4B-00C04F79EFBC}") = "VPC.DBMigration", "VPC.DBMigration\VPC.DBMigration.csproj", "{82BE8EDF-5E34-4D25-9F32-03D8DA017D9A}"
EndProject
Global
	GlobalSection(SolutionConfigurationPlatforms) = preSolution
		Debug|Any CPU = Debug|Any CPU
		Release|Any CPU = Release|Any CPU
		VPC_Production|Any CPU = VPC_Production|Any CPU
		VPC_QA|Any CPU = VPC_QA|Any CPU
		VPC_Staging|Any CPU = VPC_Staging|Any CPU
	EndGlobalSection
	GlobalSection(ProjectConfigurationPlatforms) = postSolution
		{82069BEB-DAA2-475C-9185-AD4988566B35}.Debug|Any CPU.ActiveCfg = Debug|Any CPU
		{82069BEB-DAA2-475C-9185-AD4988566B35}.Debug|Any CPU.Build.0 = Debug|Any CPU
		{82069BEB-DAA2-475C-9185-AD4988566B35}.Release|Any CPU.ActiveCfg = Release|Any CPU
		{82069BEB-DAA2-475C-9185-AD4988566B35}.Release|Any CPU.Build.0 = Release|Any CPU
		{82069BEB-DAA2-475C-9185-AD4988566B35}.VPC_Production|Any CPU.ActiveCfg = VPC_Production|Any CPU
		{82069BEB-DAA2-475C-9185-AD4988566B35}.VPC_Production|Any CPU.Build.0 = VPC_Production|Any CPU
		{82069BEB-DAA2-475C-9185-AD4988566B35}.VPC_QA|Any CPU.ActiveCfg = VPC_QA|Any CPU
		{82069BEB-DAA2-475C-9185-AD4988566B35}.VPC_QA|Any CPU.Build.0 = VPC_QA|Any CPU
		{82069BEB-DAA2-475C-9185-AD4988566B35}.VPC_Staging|Any CPU.ActiveCfg = VPC_Staging|Any CPU
		{82069BEB-DAA2-475C-9185-AD4988566B35}.VPC_Staging|Any CPU.Build.0 = VPC_Staging|Any CPU
		{F1D6A65E-98C1-4D84-A343-C80EEB5FAC9A}.Debug|Any CPU.ActiveCfg = Debug|Any CPU
		{F1D6A65E-98C1-4D84-A343-C80EEB5FAC9A}.Debug|Any CPU.Build.0 = Debug|Any CPU
		{F1D6A65E-98C1-4D84-A343-C80EEB5FAC9A}.Release|Any CPU.ActiveCfg = Release|Any CPU
		{F1D6A65E-98C1-4D84-A343-C80EEB5FAC9A}.Release|Any CPU.Build.0 = Release|Any CPU
		{F1D6A65E-98C1-4D84-A343-C80EEB5FAC9A}.VPC_Production|Any CPU.ActiveCfg = VPC_Production|Any CPU
		{F1D6A65E-98C1-4D84-A343-C80EEB5FAC9A}.VPC_Production|Any CPU.Build.0 = VPC_Production|Any CPU
		{F1D6A65E-98C1-4D84-A343-C80EEB5FAC9A}.VPC_QA|Any CPU.ActiveCfg = VPC_QA|Any CPU
		{F1D6A65E-98C1-4D84-A343-C80EEB5FAC9A}.VPC_QA|Any CPU.Build.0 = VPC_QA|Any CPU
		{F1D6A65E-98C1-4D84-A343-C80EEB5FAC9A}.VPC_Staging|Any CPU.ActiveCfg = VPC_Staging|Any CPU
		{F1D6A65E-98C1-4D84-A343-C80EEB5FAC9A}.VPC_Staging|Any CPU.Build.0 = VPC_Staging|Any CPU
		{B7B766F3-3EB0-445D-B7B3-532F275AEF5B}.Debug|Any CPU.ActiveCfg = Debug|Any CPU
		{B7B766F3-3EB0-445D-B7B3-532F275AEF5B}.Debug|Any CPU.Build.0 = Debug|Any CPU
		{B7B766F3-3EB0-445D-B7B3-532F275AEF5B}.Release|Any CPU.ActiveCfg = Release|Any CPU
		{B7B766F3-3EB0-445D-B7B3-532F275AEF5B}.Release|Any CPU.Build.0 = Release|Any CPU
		{B7B766F3-3EB0-445D-B7B3-532F275AEF5B}.VPC_Production|Any CPU.ActiveCfg = VPC_Production|Any CPU
		{B7B766F3-3EB0-445D-B7B3-532F275AEF5B}.VPC_Production|Any CPU.Build.0 = VPC_Production|Any CPU
		{B7B766F3-3EB0-445D-B7B3-532F275AEF5B}.VPC_QA|Any CPU.ActiveCfg = VPC_QA|Any CPU
		{B7B766F3-3EB0-445D-B7B3-532F275AEF5B}.VPC_QA|Any CPU.Build.0 = VPC_QA|Any CPU
		{B7B766F3-3EB0-445D-B7B3-532F275AEF5B}.VPC_Staging|Any CPU.ActiveCfg = VPC_Staging|Any CPU
		{B7B766F3-3EB0-445D-B7B3-532F275AEF5B}.VPC_Staging|Any CPU.Build.0 = VPC_Staging|Any CPU
		{51584262-43F9-40FE-B3BC-9C02CF7855FD}.Debug|Any CPU.ActiveCfg = Debug|Any CPU
		{51584262-43F9-40FE-B3BC-9C02CF7855FD}.Debug|Any CPU.Build.0 = Debug|Any CPU
		{51584262-43F9-40FE-B3BC-9C02CF7855FD}.Release|Any CPU.ActiveCfg = Release|Any CPU
		{51584262-43F9-40FE-B3BC-9C02CF7855FD}.Release|Any CPU.Build.0 = Release|Any CPU
		{51584262-43F9-40FE-B3BC-9C02CF7855FD}.VPC_Production|Any CPU.ActiveCfg = VPC_Production|Any CPU
		{51584262-43F9-40FE-B3BC-9C02CF7855FD}.VPC_Production|Any CPU.Build.0 = VPC_Production|Any CPU
		{51584262-43F9-40FE-B3BC-9C02CF7855FD}.VPC_QA|Any CPU.ActiveCfg = VPC_QA|Any CPU
		{51584262-43F9-40FE-B3BC-9C02CF7855FD}.VPC_QA|Any CPU.Build.0 = VPC_QA|Any CPU
		{51584262-43F9-40FE-B3BC-9C02CF7855FD}.VPC_Staging|Any CPU.ActiveCfg = VPC_Staging|Any CPU
		{51584262-43F9-40FE-B3BC-9C02CF7855FD}.VPC_Staging|Any CPU.Build.0 = VPC_Staging|Any CPU
		{0E3ED90E-62EF-42F8-9802-52EED73884FD}.Debug|Any CPU.ActiveCfg = Debug|Any CPU
		{0E3ED90E-62EF-42F8-9802-52EED73884FD}.Debug|Any CPU.Build.0 = Debug|Any CPU
		{0E3ED90E-62EF-42F8-9802-52EED73884FD}.Release|Any CPU.ActiveCfg = Release|Any CPU
		{0E3ED90E-62EF-42F8-9802-52EED73884FD}.Release|Any CPU.Build.0 = Release|Any CPU
		{0E3ED90E-62EF-42F8-9802-52EED73884FD}.VPC_Production|Any CPU.ActiveCfg = VPC_Production|Any CPU
		{0E3ED90E-62EF-42F8-9802-52EED73884FD}.VPC_Production|Any CPU.Build.0 = VPC_Production|Any CPU
		{0E3ED90E-62EF-42F8-9802-52EED73884FD}.VPC_QA|Any CPU.ActiveCfg = VPC_QA|Any CPU
		{0E3ED90E-62EF-42F8-9802-52EED73884FD}.VPC_QA|Any CPU.Build.0 = VPC_QA|Any CPU
		{0E3ED90E-62EF-42F8-9802-52EED73884FD}.VPC_Staging|Any CPU.ActiveCfg = VPC_Staging|Any CPU
		{0E3ED90E-62EF-42F8-9802-52EED73884FD}.VPC_Staging|Any CPU.Build.0 = VPC_Staging|Any CPU
		{EECF20F7-162B-4C85-8D12-C7DD0CED12E4}.Debug|Any CPU.ActiveCfg = Debug|Any CPU
		{EECF20F7-162B-4C85-8D12-C7DD0CED12E4}.Debug|Any CPU.Build.0 = Debug|Any CPU
		{EECF20F7-162B-4C85-8D12-C7DD0CED12E4}.Release|Any CPU.ActiveCfg = Release|Any CPU
		{EECF20F7-162B-4C85-8D12-C7DD0CED12E4}.Release|Any CPU.Build.0 = Release|Any CPU
		{EECF20F7-162B-4C85-8D12-C7DD0CED12E4}.VPC_Production|Any CPU.ActiveCfg = VPC_Production|Any CPU
		{EECF20F7-162B-4C85-8D12-C7DD0CED12E4}.VPC_Production|Any CPU.Build.0 = VPC_Production|Any CPU
		{EECF20F7-162B-4C85-8D12-C7DD0CED12E4}.VPC_QA|Any CPU.ActiveCfg = VPC_QA|Any CPU
		{EECF20F7-162B-4C85-8D12-C7DD0CED12E4}.VPC_QA|Any CPU.Build.0 = VPC_QA|Any CPU
		{EECF20F7-162B-4C85-8D12-C7DD0CED12E4}.VPC_Staging|Any CPU.ActiveCfg = VPC_Staging|Any CPU
		{EECF20F7-162B-4C85-8D12-C7DD0CED12E4}.VPC_Staging|Any CPU.Build.0 = VPC_Staging|Any CPU
		{255F8BF2-37A9-43F5-9BD0-34A4FCAFA40B}.Debug|Any CPU.ActiveCfg = Debug|Any CPU
		{255F8BF2-37A9-43F5-9BD0-34A4FCAFA40B}.Debug|Any CPU.Build.0 = Debug|Any CPU
		{255F8BF2-37A9-43F5-9BD0-34A4FCAFA40B}.Release|Any CPU.ActiveCfg = Release|Any CPU
		{255F8BF2-37A9-43F5-9BD0-34A4FCAFA40B}.Release|Any CPU.Build.0 = Release|Any CPU
		{255F8BF2-37A9-43F5-9BD0-34A4FCAFA40B}.VPC_Production|Any CPU.ActiveCfg = VPC_Production|Any CPU
		{255F8BF2-37A9-43F5-9BD0-34A4FCAFA40B}.VPC_Production|Any CPU.Build.0 = VPC_Production|Any CPU
		{255F8BF2-37A9-43F5-9BD0-34A4FCAFA40B}.VPC_QA|Any CPU.ActiveCfg = VPC_QA|Any CPU
		{255F8BF2-37A9-43F5-9BD0-34A4FCAFA40B}.VPC_QA|Any CPU.Build.0 = VPC_QA|Any CPU
		{255F8BF2-37A9-43F5-9BD0-34A4FCAFA40B}.VPC_Staging|Any CPU.ActiveCfg = VPC_Staging|Any CPU
		{255F8BF2-37A9-43F5-9BD0-34A4FCAFA40B}.VPC_Staging|Any CPU.Build.0 = VPC_Staging|Any CPU
		{DB9D385F-11D7-49D5-A26B-56B0747F13EC}.Debug|Any CPU.ActiveCfg = Debug|Any CPU
		{DB9D385F-11D7-49D5-A26B-56B0747F13EC}.Debug|Any CPU.Build.0 = Debug|Any CPU
		{DB9D385F-11D7-49D5-A26B-56B0747F13EC}.Release|Any CPU.ActiveCfg = Release|Any CPU
		{DB9D385F-11D7-49D5-A26B-56B0747F13EC}.Release|Any CPU.Build.0 = Release|Any CPU
		{DB9D385F-11D7-49D5-A26B-56B0747F13EC}.VPC_Production|Any CPU.ActiveCfg = VPC_Production|Any CPU
		{DB9D385F-11D7-49D5-A26B-56B0747F13EC}.VPC_Production|Any CPU.Build.0 = VPC_Production|Any CPU
		{DB9D385F-11D7-49D5-A26B-56B0747F13EC}.VPC_QA|Any CPU.ActiveCfg = VPC_QA|Any CPU
		{DB9D385F-11D7-49D5-A26B-56B0747F13EC}.VPC_QA|Any CPU.Build.0 = VPC_QA|Any CPU
		{DB9D385F-11D7-49D5-A26B-56B0747F13EC}.VPC_Staging|Any CPU.ActiveCfg = VPC_Staging|Any CPU
		{DB9D385F-11D7-49D5-A26B-56B0747F13EC}.VPC_Staging|Any CPU.Build.0 = VPC_Staging|Any CPU
		{82BE8EDF-5E34-4D25-9F32-03D8DA017D9A}.Debug|Any CPU.ActiveCfg = Debug|Any CPU
		{82BE8EDF-5E34-4D25-9F32-03D8DA017D9A}.Debug|Any CPU.Build.0 = Debug|Any CPU
		{82BE8EDF-5E34-4D25-9F32-03D8DA017D9A}.Release|Any CPU.ActiveCfg = Release|Any CPU
		{82BE8EDF-5E34-4D25-9F32-03D8DA017D9A}.Release|Any CPU.Build.0 = Release|Any CPU
		{82BE8EDF-5E34-4D25-9F32-03D8DA017D9A}.VPC_Production|Any CPU.ActiveCfg = Debug|Any CPU
		{82BE8EDF-5E34-4D25-9F32-03D8DA017D9A}.VPC_Production|Any CPU.Build.0 = Debug|Any CPU
		{82BE8EDF-5E34-4D25-9F32-03D8DA017D9A}.VPC_QA|Any CPU.ActiveCfg = Debug|Any CPU
		{82BE8EDF-5E34-4D25-9F32-03D8DA017D9A}.VPC_QA|Any CPU.Build.0 = Debug|Any CPU
		{82BE8EDF-5E34-4D25-9F32-03D8DA017D9A}.VPC_Staging|Any CPU.ActiveCfg = Debug|Any CPU
		{82BE8EDF-5E34-4D25-9F32-03D8DA017D9A}.VPC_Staging|Any CPU.Build.0 = Debug|Any CPU
	EndGlobalSection
	GlobalSection(SolutionProperties) = preSolution
		HideSolutionNode = FALSE
	EndGlobalSection
	GlobalSection(ExtensibilityGlobals) = postSolution
		SolutionGuid = {A41A6584-DB19-4A68-948A-CFDB83910911}
	EndGlobalSection
EndGlobal
